
Microsoft Visual Studio Solution File, Format Version 12.00
# Visual Studio Version 16
VisualStudioVersion = 16.0.31005.135
MinimumVisualStudioVersion = 10.0.40219.1
Project("{FAE04EC0-301F-11D3-BF4B-00C04F79EFBC}") = "ThinkBridgeSoft", "ThinkBridgeSoft\ThinkBridgeSoft.csproj", "{4D3CECAB-F6AA-48E9-9562-FFD72313D1D5}"
EndProject
Global
	GlobalSection(SolutionConfigurationPlatforms) = preSolution
		Debug|Any CPU = Debug|Any CPU
		Release|Any CPU = Release|Any CPU
	EndGlobalSection
	GlobalSection(ProjectConfigurationPlatforms) = postSolution
		{4D3CECAB-F6AA-48E9-9562-FFD72313D1D5}.Debug|Any CPU.ActiveCfg = Debug|Any CPU
		{4D3CECAB-F6AA-48E9-9562-FFD72313D1D5}.Debug|Any CPU.Build.0 = Debug|Any CPU
		{4D3CECAB-F6AA-48E9-9562-FFD72313D1D5}.Release|Any CPU.ActiveCfg = Release|Any CPU
		{4D3CECAB-F6AA-48E9-9562-FFD72313D1D5}.Release|Any CPU.Build.0 = Release|Any CPU
	EndGlobalSection
	GlobalSection(SolutionProperties) = preSolution
		HideSolutionNode = FALSE
	EndGlobalSection
	GlobalSection(ExtensibilityGlobals) = postSolution
		SolutionGuid = {6A4B5FA5-5A94-4CA6-9302-6CF73EAF2FDF}
	EndGlobalSection
EndGlobal
